
Microsoft Visual Studio Solution File, Format Version 12.00
# Visual Studio 15
VisualStudioVersion = 15.0.27130.2010
MinimumVisualStudioVersion = 10.0.40219.1
Project("{FAE04EC0-301F-11D3-BF4B-00C04F79EFBC}") = "Eksam", "Eksam\Eksam.csproj", "{422E2B12-5AC8-4D9E-8BD7-7A4ECE2FD505}"
EndProject
Global
	GlobalSection(SolutionConfigurationPlatforms) = preSolution
		Debug|Any CPU = Debug|Any CPU
		Release|Any CPU = Release|Any CPU
	EndGlobalSection
	GlobalSection(ProjectConfigurationPlatforms) = postSolution
		{422E2B12-5AC8-4D9E-8BD7-7A4ECE2FD505}.Debug|Any CPU.ActiveCfg = Debug|Any CPU
		{422E2B12-5AC8-4D9E-8BD7-7A4ECE2FD505}.Debug|Any CPU.Build.0 = Debug|Any CPU
		{422E2B12-5AC8-4D9E-8BD7-7A4ECE2FD505}.Release|Any CPU.ActiveCfg = Release|Any CPU
		{422E2B12-5AC8-4D9E-8BD7-7A4ECE2FD505}.Release|Any CPU.Build.0 = Release|Any CPU
	EndGlobalSection
	GlobalSection(SolutionProperties) = preSolution
		HideSolutionNode = FALSE
	EndGlobalSection
	GlobalSection(ExtensibilityGlobals) = postSolution
		SolutionGuid = {E004D6EB-E3E4-4012-91DA-9764965EC0E6}
	EndGlobalSection
EndGlobal
